
Microsoft Visual Studio Solution File, Format Version 12.00
# Visual Studio Version 16
VisualStudioVersion = 16.0.31729.503
MinimumVisualStudioVersion = 10.0.40219.1
Project("{FAE04EC0-301F-11D3-BF4B-00C04F79EFBC}") = "gra_zlapmotylka", "gra_zlapmotylka\gra_zlapmotylka.csproj", "{364FD6C9-E353-4BBF-B5BF-AA130A463B00}"
EndProject
Global
	GlobalSection(SolutionConfigurationPlatforms) = preSolution
		Debug|Any CPU = Debug|Any CPU
		Release|Any CPU = Release|Any CPU
	EndGlobalSection
	GlobalSection(ProjectConfigurationPlatforms) = postSolution
		{364FD6C9-E353-4BBF-B5BF-AA130A463B00}.Debug|Any CPU.ActiveCfg = Debug|Any CPU
		{364FD6C9-E353-4BBF-B5BF-AA130A463B00}.Debug|Any CPU.Build.0 = Debug|Any CPU
		{364FD6C9-E353-4BBF-B5BF-AA130A463B00}.Release|Any CPU.ActiveCfg = Release|Any CPU
		{364FD6C9-E353-4BBF-B5BF-AA130A463B00}.Release|Any CPU.Build.0 = Release|Any CPU
	EndGlobalSection
	GlobalSection(SolutionProperties) = preSolution
		HideSolutionNode = FALSE
	EndGlobalSection
	GlobalSection(ExtensibilityGlobals) = postSolution
		SolutionGuid = {E9B058DF-EE79-41B8-9AAD-DFE44F86672C}
	EndGlobalSection
EndGlobal
